PODS:
  - Charts (3.0.2):
    - Charts/Core (= 3.0.2)
  - Charts/Core (3.0.2)
  - SwiftyJSON (3.1.4)

DEPENDENCIES:
  - Charts
  - SwiftyJSON

SPEC CHECKSUMS:
  Charts: 236d6ccdd0ce6feae151d89e829a7397381a21fd
  SwiftyJSON: c2842d878f95482ffceec5709abc3d05680c0220

PODFILE CHECKSUM: a4de5d96a7528dd2cdf9dfa8bec2e000850555e8

COCOAPODS: 1.2.1
