// !$*UTF8*$!
{
	archiveVersion = 1;
	classes = {
	};
	objectVersion = 46;
	objects = {

/* Begin PBXBuildFile section */
		33FCC5136C220B8BE064C6D7 /* Pods_TimeManager.framework in Frameworks */ = {isa = PBXBuildFile; fileRef = 80F02298D9761624F5F4972D /* Pods_TimeManager.framework */; };
		E906D0181D5DFDD500C06C87 /* arrow-down-grey.png in Resources */ = {isa = PBXBuildFile; fileRef = E906D0121D5DFDD500C06C87 /* arrow-down-grey.png */; };
		E906D0191D5DFDD500C06C87 /* arrow-down-grey@2x.png in Resources */ = {isa = PBXBuildFile; fileRef = E906D0131D5DFDD500C06C87 /* arrow-down-grey@2x.png */; };
		E906D01A1D5DFDD500C06C87 /* arrow-down-grey@3x.png in Resources */ = {isa = PBXBuildFile; fileRef = E906D0141D5DFDD500C06C87 /* arrow-down-grey@3x.png */; };
		E906D01B1D5DFDD500C06C87 /* arrow-up-grey.png in Resources */ = {isa = PBXBuildFile; fileRef = E906D0151D5DFDD500C06C87 /* arrow-up-grey.png */; };
		E906D01C1D5DFDD500C06C87 /* arrow-up-grey@2x.png in Resources */ = {isa = PBXBuildFile; fileRef = E906D0161D5DFDD500C06C87 /* arrow-up-grey@2x.png */; };
		E906D01D1D5DFDD500C06C87 /* arrow-up-grey@3x.png in Resources */ = {isa = PBXBuildFile; fileRef = E906D0171D5DFDD500C06C87 /* arrow-up-grey@3x.png */; };
		E906D01F1D5E154500C06C87 /* ClientDetailViewController.swift in Sources */ = {isa = PBXBuildFile; fileRef = E906D01E1D5E154500C06C87 /* ClientDetailViewController.swift */; };
		E906D0231D5E271300C06C87 /* SharedColorPalette.swift in Sources */ = {isa = PBXBuildFile; fileRef = E906D0221D5E271300C06C87 /* SharedColorPalette.swift */; };
		E911CEF11D61E05F0044AED6 /* ClientObject+CoreDataProperties.swift in Sources */ = {isa = PBXBuildFile; fileRef = E911CEEC1D61E05F0044AED6 /* ClientObject+CoreDataProperties.swift */; };
		E911CEF21D61E05F0044AED6 /* Contact+CoreDataProperties.swift in Sources */ = {isa = PBXBuildFile; fileRef = E911CEED1D61E05F0044AED6 /* Contact+CoreDataProperties.swift */; };
		E911CEF31D61E05F0044AED6 /* Project+CoreDataProperties.swift in Sources */ = {isa = PBXBuildFile; fileRef = E911CEEE1D61E05F0044AED6 /* Project+CoreDataProperties.swift */; };
		E911CEF41D61E05F0044AED6 /* Time+CoreDataProperties.swift in Sources */ = {isa = PBXBuildFile; fileRef = E911CEEF1D61E05F0044AED6 /* Time+CoreDataProperties.swift */; };
		E911CEF51D61E05F0044AED6 /* Task+CoreDataProperties.swift in Sources */ = {isa = PBXBuildFile; fileRef = E911CEF01D61E05F0044AED6 /* Task+CoreDataProperties.swift */; };
		E911CEFB1D61E0760044AED6 /* ClientObject.swift in Sources */ = {isa = PBXBuildFile; fileRef = E911CEF61D61E0760044AED6 /* ClientObject.swift */; };
		E911CEFC1D61E0760044AED6 /* Contact.swift in Sources */ = {isa = PBXBuildFile; fileRef = E911CEF71D61E0760044AED6 /* Contact.swift */; };
		E911CEFD1D61E0760044AED6 /* Project.swift in Sources */ = {isa = PBXBuildFile; fileRef = E911CEF81D61E0760044AED6 /* Project.swift */; };
		E911CEFE1D61E0760044AED6 /* Time.swift in Sources */ = {isa = PBXBuildFile; fileRef = E911CEF91D61E0760044AED6 /* Time.swift */; };
		E911CEFF1D61E0760044AED6 /* Task.swift in Sources */ = {isa = PBXBuildFile; fileRef = E911CEFA1D61E0760044AED6 /* Task.swift */; };
		E911CF031D62109C0044AED6 /* ProjectEditController.swift in Sources */ = {isa = PBXBuildFile; fileRef = E911CF021D62109C0044AED6 /* ProjectEditController.swift */; };
		E92A06771D630E0300A29710 /* ProjectDetailViewController.swift in Sources */ = {isa = PBXBuildFile; fileRef = E92A06761D630E0300A29710 /* ProjectDetailViewController.swift */; };
		E92A06791D63123100A29710 /* TaskEditController.swift in Sources */ = {isa = PBXBuildFile; fileRef = E92A06781D63123100A29710 /* TaskEditController.swift */; };
		E92A067B1D631EF600A29710 /* TimeEditController.swift in Sources */ = {isa = PBXBuildFile; fileRef = E92A067A1D631EF600A29710 /* TimeEditController.swift */; };
		E92A067D1D63307C00A29710 /* TaskDetailViewController.swift in Sources */ = {isa = PBXBuildFile; fileRef = E92A067C1D63307C00A29710 /* TaskDetailViewController.swift */; };
		E92A06801D6360B000A29710 /* FormattingHelper.swift in Sources */ = {isa = PBXBuildFile; fileRef = E92A067F1D6360B000A29710 /* FormattingHelper.swift */; };
		E92A06821D63643500A29710 /* TimeTraveller.swift in Sources */ = {isa = PBXBuildFile; fileRef = E92A06811D63643500A29710 /* TimeTraveller.swift */; };
		E92A06841D63BBA800A29710 /* DiagramsPageViewController.swift in Sources */ = {isa = PBXBuildFile; fileRef = E92A06831D63BBA800A29710 /* DiagramsPageViewController.swift */; };
		E92A06861D63BDFA00A29710 /* DiagramsContainerController.swift in Sources */ = {isa = PBXBuildFile; fileRef = E92A06851D63BDFA00A29710 /* DiagramsContainerController.swift */; };
		E92A06881D644D1600A29710 /* SyncEngine.swift in Sources */ = {isa = PBXBuildFile; fileRef = E92A06871D644D1600A29710 /* SyncEngine.swift */; };
		E92A068A1D64542C00A29710 /* RestAPIManager.swift in Sources */ = {isa = PBXBuildFile; fileRef = E92A06891D64542C00A29710 /* RestAPIManager.swift */; };
		E9404C611D61CCEF008ED9A3 /* ClientEditController.swift in Sources */ = {isa = PBXBuildFile; fileRef = E9404C601D61CCEF008ED9A3 /* ClientEditController.swift */; };
		E958A1281D5874A000FB6166 /* AppDelegate.swift in Sources */ = {isa = PBXBuildFile; fileRef = E958A1271D5874A000FB6166 /* AppDelegate.swift */; };
		E958A12D1D5874A000FB6166 /* Main.storyboard in Resources */ = {isa = PBXBuildFile; fileRef = E958A12B1D5874A000FB6166 /* Main.storyboard */; };
		E958A1301D5874A000FB6166 /* TimeManager.xcdatamodeld in Sources */ = {isa = PBXBuildFile; fileRef = E958A12E1D5874A000FB6166 /* TimeManager.xcdatamodeld */; };
		E958A1321D5874A000FB6166 /* Assets.xcassets in Resources */ = {isa = PBXBuildFile; fileRef = E958A1311D5874A000FB6166 /* Assets.xcassets */; };
		E958A1351D5874A000FB6166 /* LaunchScreen.storyboard in Resources */ = {isa = PBXBuildFile; fileRef = E958A1331D5874A000FB6166 /* LaunchScreen.storyboard */; };
		E958A1411D58A97700FB6166 /* CardOfViewDeckController.swift in Sources */ = {isa = PBXBuildFile; fileRef = E958A1401D58A97700FB6166 /* CardOfViewDeckController.swift */; };
		E958A1471D59D5F500FB6166 /* ContainerViewController.swift in Sources */ = {isa = PBXBuildFile; fileRef = E958A1461D59D5F500FB6166 /* ContainerViewController.swift */; };
		E958A14E1D59E8CB00FB6166 /* Poppins-Bold.ttf in Resources */ = {isa = PBXBuildFile; fileRef = E958A1491D59E8CB00FB6166 /* Poppins-Bold.ttf */; };
		E958A14F1D59E8CB00FB6166 /* Poppins-Light.ttf in Resources */ = {isa = PBXBuildFile; fileRef = E958A14A1D59E8CB00FB6166 /* Poppins-Light.ttf */; };
		E958A1501D59E8CB00FB6166 /* Poppins-Medium.ttf in Resources */ = {isa = PBXBuildFile; fileRef = E958A14B1D59E8CB00FB6166 /* Poppins-Medium.ttf */; };
		E958A1511D59E8CB00FB6166 /* Poppins-Regular.ttf in Resources */ = {isa = PBXBuildFile; fileRef = E958A14C1D59E8CB00FB6166 /* Poppins-Regular.ttf */; };
		E958A1521D59E8CB00FB6166 /* Poppins-SemiBold.ttf in Resources */ = {isa = PBXBuildFile; fileRef = E958A14D1D59E8CB00FB6166 /* Poppins-SemiBold.ttf */; };
		E958A1541D59FDDF00FB6166 /* OverviewController.swift in Sources */ = {isa = PBXBuildFile; fileRef = E958A1531D59FDDF00FB6166 /* OverviewController.swift */; };
		E958A1581D5A275A00FB6166 /* SettingsController.swift in Sources */ = {isa = PBXBuildFile; fileRef = E958A1571D5A275A00FB6166 /* SettingsController.swift */; };
		E958A15A1D5A292600FB6166 /* EntriesViewController.swift in Sources */ = {isa = PBXBuildFile; fileRef = E958A1591D5A292600FB6166 /* EntriesViewController.swift */; };
		E9BA20CD1D5C65580098F37D /* ClientsViewController.swift in Sources */ = {isa = PBXBuildFile; fileRef = E9BA20CC1D5C65580098F37D /* ClientsViewController.swift */; };
		E9BA20CF1D5C6F9A0098F37D /* PassThroughCollectionView.swift in Sources */ = {isa = PBXBuildFile; fileRef = E9BA20CE1D5C6F9A0098F37D /* PassThroughCollectionView.swift */; };
		E9BA20D11D5DCAD00098F37D /* ProjectsViewController.swift in Sources */ = {isa = PBXBuildFile; fileRef = E9BA20D01D5DCAD00098F37D /* ProjectsViewController.swift */; };
		E9BA20D31D5DCAEF0098F37D /* TasksViewController.swift in Sources */ = {isa = PBXBuildFile; fileRef = E9BA20D21D5DCAEF0098F37D /* TasksViewController.swift */; };
		E9BA20D51D5DCAFE0098F37D /* TimesViewController.swift in Sources */ = {isa = PBXBuildFile; fileRef = E9BA20D41D5DCAFE0098F37D /* TimesViewController.swift */; };
		E9BA20D71D5DCE850098F37D /* arrow-right.png in Resources */ = {isa = PBXBuildFile; fileRef = E9BA20D61D5DCE850098F37D /* arrow-right.png */; };
		E9BA20DA1D5DCE8C0098F37D /* arrow-right@2x.png in Resources */ = {isa = PBXBuildFile; fileRef = E9BA20D81D5DCE8C0098F37D /* arrow-right@2x.png */; };
		E9BA20DB1D5DCE8C0098F37D /* arrow-right@3x.png in Resources */ = {isa = PBXBuildFile; fileRef = E9BA20D91D5DCE8C0098F37D /* arrow-right@3x.png */; };
		E9BA20DF1D5DCE930098F37D /* arrow-right-grey.png in Resources */ = {isa = PBXBuildFile; fileRef = E9BA20DC1D5DCE930098F37D /* arrow-right-grey.png */; };
		E9BA20E01D5DCE930098F37D /* arrow-right-grey@2x.png in Resources */ = {isa = PBXBuildFile; fileRef = E9BA20DD1D5DCE930098F37D /* arrow-right-grey@2x.png */; };
		E9BA20E11D5DCE930098F37D /* arrow-right-grey@3x.png in Resources */ = {isa = PBXBuildFile; fileRef = E9BA20DE1D5DCE930098F37D /* arrow-right-grey@3x.png */; };
/* End PBXBuildFile section */

/* Begin PBXFileReference section */
		0A9A181321E6623CC4B43C3C /* Pods-TimeManager.release.xcconfig */ = {isa = PBXFileReference; includeInIndex = 1; lastKnownFileType = text.xcconfig; name = "Pods-TimeManager.release.xcconfig"; path = "TimeManager/Pods/Target Support Files/Pods-TimeManager/Pods-TimeManager.release.xcconfig"; sourceTree = "<group>"; };
		80F02298D9761624F5F4972D /* Pods_TimeManager.framework */ = {isa = PBXFileReference; explicitFileType = wrapper.framework; includeInIndex = 0; path = Pods_TimeManager.framework; sourceTree = BUILT_PRODUCTS_DIR; };
		E906D0121D5DFDD500C06C87 /* arrow-down-grey.png */ = {isa = PBXFileReference; lastKnownFileType = image.png; path = "arrow-down-grey.png"; sourceTree = "<group>"; };
		E906D0131D5DFDD500C06C87 /* arrow-down-grey@2x.png */ = {isa = PBXFileReference; lastKnownFileType = image.png; path = "arrow-down-grey@2x.png"; sourceTree = "<group>"; };
		E906D0141D5DFDD500C06C87 /* arrow-down-grey@3x.png */ = {isa = PBXFileReference; lastKnownFileType = image.png; path = "arrow-down-grey@3x.png"; sourceTree = "<group>"; };
		E906D0151D5DFDD500C06C87 /* arrow-up-grey.png */ = {isa = PBXFileReference; lastKnownFileType = image.png; path = "arrow-up-grey.png"; sourceTree = "<group>"; };
		E906D0161D5DFDD500C06C87 /* arrow-up-grey@2x.png */ = {isa = PBXFileReference; lastKnownFileType = image.png; path = "arrow-up-grey@2x.png"; sourceTree = "<group>"; };
		E906D0171D5DFDD500C06C87 /* arrow-up-grey@3x.png */ = {isa = PBXFileReference; lastKnownFileType = image.png; path = "arrow-up-grey@3x.png"; sourceTree = "<group>"; };
		E906D01E1D5E154500C06C87 /* ClientDetailViewController.swift */ = {isa = PBXFileReference; fileEncoding = 4; lastKnownFileType = sourcecode.swift; path = ClientDetailViewController.swift; sourceTree = "<group>"; };
		E906D0221D5E271300C06C87 /* SharedColorPalette.swift */ = {isa = PBXFileReference; fileEncoding = 4; lastKnownFileType = sourcecode.swift; path = SharedColorPalette.swift; sourceTree = "<group>"; };
		E911CEEC1D61E05F0044AED6 /* ClientObject+CoreDataProperties.swift */ = {isa = PBXFileReference; fileEncoding = 4; lastKnownFileType = sourcecode.swift; path = "ClientObject+CoreDataProperties.swift"; sourceTree = "<group>"; };
		E911CEED1D61E05F0044AED6 /* Contact+CoreDataProperties.swift */ = {isa = PBXFileReference; fileEncoding = 4; lastKnownFileType = sourcecode.swift; path = "Contact+CoreDataProperties.swift"; sourceTree = "<group>"; };
		E911CEEE1D61E05F0044AED6 /* Project+CoreDataProperties.swift */ = {isa = PBXFileReference; fileEncoding = 4; lastKnownFileType = sourcecode.swift; path = "Project+CoreDataProperties.swift"; sourceTree = "<group>"; };
		E911CEEF1D61E05F0044AED6 /* Time+CoreDataProperties.swift */ = {isa = PBXFileReference; fileEncoding = 4; lastKnownFileType = sourcecode.swift; path = "Time+CoreDataProperties.swift"; sourceTree = "<group>"; };
		E911CEF01D61E05F0044AED6 /* Task+CoreDataProperties.swift */ = {isa = PBXFileReference; fileEncoding = 4; lastKnownFileType = sourcecode.swift; path = "Task+CoreDataProperties.swift"; sourceTree = "<group>"; };
		E911CEF61D61E0760044AED6 /* ClientObject.swift */ = {isa = PBXFileReference; fileEncoding = 4; lastKnownFileType = sourcecode.swift; path = ClientObject.swift; sourceTree = "<group>"; };
		E911CEF71D61E0760044AED6 /* Contact.swift */ = {isa = PBXFileReference; fileEncoding = 4; lastKnownFileType = sourcecode.swift; path = Contact.swift; sourceTree = "<group>"; };
		E911CEF81D61E0760044AED6 /* Project.swift */ = {isa = PBXFileReference; fileEncoding = 4; lastKnownFileType = sourcecode.swift; path = Project.swift; sourceTree = "<group>"; };
		E911CEF91D61E0760044AED6 /* Time.swift */ = {isa = PBXFileReference; fileEncoding = 4; lastKnownFileType = sourcecode.swift; path = Time.swift; sourceTree = "<group>"; };
		E911CEFA1D61E0760044AED6 /* Task.swift */ = {isa = PBXFileReference; fileEncoding = 4; lastKnownFileType = sourcecode.swift; path = Task.swift; sourceTree = "<group>"; };
		E911CF021D62109C0044AED6 /* ProjectEditController.swift */ = {isa = PBXFileReference; fileEncoding = 4; lastKnownFileType = sourcecode.swift; path = ProjectEditController.swift; sourceTree = "<group>"; };
		E92A06761D630E0300A29710 /* ProjectDetailViewController.swift */ = {isa = PBXFileReference; fileEncoding = 4; lastKnownFileType = sourcecode.swift; path = ProjectDetailViewController.swift; sourceTree = "<group>"; };
		E92A06781D63123100A29710 /* TaskEditController.swift */ = {isa = PBXFileReference; fileEncoding = 4; lastKnownFileType = sourcecode.swift; path = TaskEditController.swift; sourceTree = "<group>"; };
		E92A067A1D631EF600A29710 /* TimeEditController.swift */ = {isa = PBXFileReference; fileEncoding = 4; lastKnownFileType = sourcecode.swift; path = TimeEditController.swift; sourceTree = "<group>"; };
		E92A067C1D63307C00A29710 /* TaskDetailViewController.swift */ = {isa = PBXFileReference; fileEncoding = 4; lastKnownFileType = sourcecode.swift; path = TaskDetailViewController.swift; sourceTree = "<group>"; };
		E92A067F1D6360B000A29710 /* FormattingHelper.swift */ = {isa = PBXFileReference; fileEncoding = 4; lastKnownFileType = sourcecode.swift; path = FormattingHelper.swift; sourceTree = "<group>"; };
		E92A06811D63643500A29710 /* TimeTraveller.swift */ = {isa = PBXFileReference; fileEncoding = 4; lastKnownFileType = sourcecode.swift; path = TimeTraveller.swift; sourceTree = "<group>"; };
		E92A06831D63BBA800A29710 /* DiagramsPageViewController.swift */ = {isa = PBXFileReference; fileEncoding = 4; lastKnownFileType = sourcecode.swift; path = DiagramsPageViewController.swift; sourceTree = "<group>"; };
		E92A06851D63BDFA00A29710 /* DiagramsContainerController.swift */ = {isa = PBXFileReference; fileEncoding = 4; lastKnownFileType = sourcecode.swift; path = DiagramsContainerController.swift; sourceTree = "<group>"; };
		E92A06871D644D1600A29710 /* SyncEngine.swift */ = {isa = PBXFileReference; fileEncoding = 4; lastKnownFileType = sourcecode.swift; path = SyncEngine.swift; sourceTree = "<group>"; };
		E92A06891D64542C00A29710 /* RestAPIManager.swift */ = {isa = PBXFileReference; fileEncoding = 4; lastKnownFileType = sourcecode.swift; path = RestAPIManager.swift; sourceTree = "<group>"; };
		E9404C601D61CCEF008ED9A3 /* ClientEditController.swift */ = {isa = PBXFileReference; fileEncoding = 4; lastKnownFileType = sourcecode.swift; path = ClientEditController.swift; sourceTree = "<group>"; };
		E958A1241D5874A000FB6166 /* TimeManager.app */ = {isa = PBXFileReference; explicitFileType = wrapper.application; includeInIndex = 0; path = TimeManager.app; sourceTree = BUILT_PRODUCTS_DIR; };
		E958A1271D5874A000FB6166 /* AppDelegate.swift */ = {isa = PBXFileReference; lastKnownFileType = sourcecode.swift; path = AppDelegate.swift; sourceTree = "<group>"; };
		E958A12C1D5874A000FB6166 /* Base */ = {isa = PBXFileReference; lastKnownFileType = file.storyboard; name = Base; path = Base.lproj/Main.storyboard; sourceTree = "<group>"; };
		E958A12F1D5874A000FB6166 /* TimeManager.xcdatamodel */ = {isa = PBXFileReference; lastKnownFileType = wrapper.xcdatamodel; path = TimeManager.xcdatamodel; sourceTree = "<group>"; };
		E958A1311D5874A000FB6166 /* Assets.xcassets */ = {isa = PBXFileReference; lastKnownFileType = folder.assetcatalog; path = Assets.xcassets; sourceTree = "<group>"; };
		E958A1341D5874A000FB6166 /* Base */ = {isa = PBXFileReference; lastKnownFileType = file.storyboard; name = Base; path = Base.lproj/LaunchScreen.storyboard; sourceTree = "<group>"; };
		E958A1361D5874A000FB6166 /* Info.plist */ = {isa = PBXFileReference; lastKnownFileType = text.plist.xml; path = Info.plist; sourceTree = "<group>"; };
		E958A1401D58A97700FB6166 /* CardOfViewDeckController.swift */ = {isa = PBXFileReference; fileEncoding = 4; lastKnownFileType = sourcecode.swift; path = CardOfViewDeckController.swift; sourceTree = "<group>"; };
		E958A1461D59D5F500FB6166 /* ContainerViewController.swift */ = {isa = PBXFileReference; fileEncoding = 4; lastKnownFileType = sourcecode.swift; path = ContainerViewController.swift; sourceTree = "<group>"; };
		E958A1491D59E8CB00FB6166 /* Poppins-Bold.ttf */ = {isa = PBXFileReference; lastKnownFileType = file; path = "Poppins-Bold.ttf"; sourceTree = "<group>"; };
		E958A14A1D59E8CB00FB6166 /* Poppins-Light.ttf */ = {isa = PBXFileReference; lastKnownFileType = file; path = "Poppins-Light.ttf"; sourceTree = "<group>"; };
		E958A14B1D59E8CB00FB6166 /* Poppins-Medium.ttf */ = {isa = PBXFileReference; lastKnownFileType = file; path = "Poppins-Medium.ttf"; sourceTree = "<group>"; };
		E958A14C1D59E8CB00FB6166 /* Poppins-Regular.ttf */ = {isa = PBXFileReference; lastKnownFileType = file; path = "Poppins-Regular.ttf"; sourceTree = "<group>"; };
		E958A14D1D59E8CB00FB6166 /* Poppins-SemiBold.ttf */ = {isa = PBXFileReference; lastKnownFileType = file; path = "Poppins-SemiBold.ttf"; sourceTree = "<group>"; };
		E958A1531D59FDDF00FB6166 /* OverviewController.swift */ = {isa = PBXFileReference; fileEncoding = 4; lastKnownFileType = sourcecode.swift; path = OverviewController.swift; sourceTree = "<group>"; };
		E958A1571D5A275A00FB6166 /* SettingsController.swift */ = {isa = PBXFileReference; fileEncoding = 4; lastKnownFileType = sourcecode.swift; path = SettingsController.swift; sourceTree = "<group>"; };
		E958A1591D5A292600FB6166 /* EntriesViewController.swift */ = {isa = PBXFileReference; fileEncoding = 4; lastKnownFileType = sourcecode.swift; path = EntriesViewController.swift; sourceTree = "<group>"; };
		E9BA20CC1D5C65580098F37D /* ClientsViewController.swift */ = {isa = PBXFileReference; fileEncoding = 4; lastKnownFileType = sourcecode.swift; path = ClientsViewController.swift; sourceTree = "<group>"; };
		E9BA20CE1D5C6F9A0098F37D /* PassThroughCollectionView.swift */ = {isa = PBXFileReference; fileEncoding = 4; lastKnownFileType = sourcecode.swift; path = PassThroughCollectionView.swift; sourceTree = "<group>"; };
		E9BA20D01D5DCAD00098F37D /* ProjectsViewController.swift */ = {isa = PBXFileReference; fileEncoding = 4; lastKnownFileType = sourcecode.swift; path = ProjectsViewController.swift; sourceTree = "<group>"; };
		E9BA20D21D5DCAEF0098F37D /* TasksViewController.swift */ = {isa = PBXFileReference; fileEncoding = 4; lastKnownFileType = sourcecode.swift; path = TasksViewController.swift; sourceTree = "<group>"; };
		E9BA20D41D5DCAFE0098F37D /* TimesViewController.swift */ = {isa = PBXFileReference; fileEncoding = 4; lastKnownFileType = sourcecode.swift; path = TimesViewController.swift; sourceTree = "<group>"; };
		E9BA20D61D5DCE850098F37D /* arrow-right.png */ = {isa = PBXFileReference; lastKnownFileType = image.png; path = "arrow-right.png"; sourceTree = "<group>"; };
		E9BA20D81D5DCE8C0098F37D /* arrow-right@2x.png */ = {isa = PBXFileReference; lastKnownFileType = image.png; path = "arrow-right@2x.png"; sourceTree = "<group>"; };
		E9BA20D91D5DCE8C0098F37D /* arrow-right@3x.png */ = {isa = PBXFileReference; lastKnownFileType = image.png; path = "arrow-right@3x.png"; sourceTree = "<group>"; };
		E9BA20DC1D5DCE930098F37D /* arrow-right-grey.png */ = {isa = PBXFileReference; lastKnownFileType = image.png; path = "arrow-right-grey.png"; sourceTree = "<group>"; };
		E9BA20DD1D5DCE930098F37D /* arrow-right-grey@2x.png */ = {isa = PBXFileReference; lastKnownFileType = image.png; path = "arrow-right-grey@2x.png"; sourceTree = "<group>"; };
		E9BA20DE1D5DCE930098F37D /* arrow-right-grey@3x.png */ = {isa = PBXFileReference; lastKnownFileType = image.png; path = "arrow-right-grey@3x.png"; sourceTree = "<group>"; };
		E9FC8CF21D5B812600B81E79 /* libCSStickyHeaderFlowLayout.a */ = {isa = PBXFileReference; lastKnownFileType = archive.ar; name = libCSStickyHeaderFlowLayout.a; path = "../../../Library/Developer/Xcode/DerivedData/TimeManager-cxhfzahfiipbppdssejzcfwwvtoc/Build/Products/Debug-iphonesimulator/CSStickyHeaderFlowLayout/libCSStickyHeaderFlowLayout.a"; sourceTree = "<group>"; };
		FB9B58AE7CFF6C6B817BE1C5 /* Pods-TimeManager.debug.xcconfig */ = {isa = PBXFileReference; includeInIndex = 1; lastKnownFileType = text.xcconfig; name = "Pods-TimeManager.debug.xcconfig"; path = "TimeManager/Pods/Target Support Files/Pods-TimeManager/Pods-TimeManager.debug.xcconfig"; sourceTree = "<group>"; };
/* End PBXFileReference section */

/* Begin PBXFrameworksBuildPhase section */
		E958A1211D58749F00FB6166 /* Frameworks */ = {
			isa = PBXFrameworksBuildPhase;
			buildActionMask = 2147483647;
			files = (
				33FCC5136C220B8BE064C6D7 /* Pods_TimeManager.framework in Frameworks */,
			);
			runOnlyForDeploymentPostprocessing = 0;
		};
/* End PBXFrameworksBuildPhase section */

/* Begin PBXGroup section */
		19CDB253AF599BDF0459EBB8 /* Frameworks */ = {
			isa = PBXGroup;
			children = (
				E9FC8CF21D5B812600B81E79 /* libCSStickyHeaderFlowLayout.a */,
				80F02298D9761624F5F4972D /* Pods_TimeManager.framework */,
			);
			name = Frameworks;
			sourceTree = "<group>";
		};
		E92A06701D63054700A29710 /* SinglePageControllers */ = {
			isa = PBXGroup;
			children = (
				E958A1531D59FDDF00FB6166 /* OverviewController.swift */,
				E958A1591D5A292600FB6166 /* EntriesViewController.swift */,
			);
			name = SinglePageControllers;
			sourceTree = "<group>";
		};
		E92A06711D63057100A29710 /* ModalViewControllers */ = {
			isa = PBXGroup;
			children = (
				E958A1571D5A275A00FB6166 /* SettingsController.swift */,
				E9404C601D61CCEF008ED9A3 /* ClientEditController.swift */,
				E911CF021D62109C0044AED6 /* ProjectEditController.swift */,
				E92A06781D63123100A29710 /* TaskEditController.swift */,
				E92A067A1D631EF600A29710 /* TimeEditController.swift */,
			);
			name = ModalViewControllers;
			sourceTree = "<group>";
		};
		E92A06721D63058B00A29710 /* CardsViewControllers */ = {
			isa = PBXGroup;
			children = (
				E958A1401D58A97700FB6166 /* CardOfViewDeckController.swift */,
				E92A06741D6305C500A29710 /* Cards */,
				E92A06751D6305DF00A29710 /* StickyBackgrounds */,
			);
			name = CardsViewControllers;
			sourceTree = "<group>";
		};
		E92A06731D6305A500A29710 /* HelperControllers */ = {
			isa = PBXGroup;
			children = (
				E9BA20CE1D5C6F9A0098F37D /* PassThroughCollectionView.swift */,
				E92A06811D63643500A29710 /* TimeTraveller.swift */,
				E906D0221D5E271300C06C87 /* SharedColorPalette.swift */,
				E92A067F1D6360B000A29710 /* FormattingHelper.swift */,
			);
			name = HelperControllers;
			sourceTree = "<group>";
		};
		E92A06741D6305C500A29710 /* Cards */ = {
			isa = PBXGroup;
			children = (
				E9BA20CC1D5C65580098F37D /* ClientsViewController.swift */,
				E9BA20D01D5DCAD00098F37D /* ProjectsViewController.swift */,
				E9BA20D21D5DCAEF0098F37D /* TasksViewController.swift */,
				E9BA20D41D5DCAFE0098F37D /* TimesViewController.swift */,
			);
			name = Cards;
			sourceTree = "<group>";
		};
		E92A06751D6305DF00A29710 /* StickyBackgrounds */ = {
			isa = PBXGroup;
			children = (
				E906D01E1D5E154500C06C87 /* ClientDetailViewController.swift */,
				E92A06761D630E0300A29710 /* ProjectDetailViewController.swift */,
				E92A067C1D63307C00A29710 /* TaskDetailViewController.swift */,
			);
			name = StickyBackgrounds;
			sourceTree = "<group>";
		};
		E9404C641D61D9D6008ED9A3 /* ManagedObjects */ = {
			isa = PBXGroup;
			children = (
				E911CEF61D61E0760044AED6 /* ClientObject.swift */,
				E911CEF71D61E0760044AED6 /* Contact.swift */,
				E911CEF81D61E0760044AED6 /* Project.swift */,
				E911CEF91D61E0760044AED6 /* Time.swift */,
				E911CEFA1D61E0760044AED6 /* Task.swift */,
				E911CEEC1D61E05F0044AED6 /* ClientObject+CoreDataProperties.swift */,
				E911CEEE1D61E05F0044AED6 /* Project+CoreDataProperties.swift */,
				E911CEF01D61E05F0044AED6 /* Task+CoreDataProperties.swift */,
				E911CEEF1D61E05F0044AED6 /* Time+CoreDataProperties.swift */,
				E911CEED1D61E05F0044AED6 /* Contact+CoreDataProperties.swift */,
			);
			name = ManagedObjects;
			sourceTree = "<group>";
		};
		E958A11B1D58749F00FB6166 = {
			isa = PBXGroup;
			children = (
				E958A1261D5874A000FB6166 /* TimeManager */,
				E958A1251D5874A000FB6166 /* Products */,
				EA5C055D97C7FACEDCC1D688 /* Pods */,
				19CDB253AF599BDF0459EBB8 /* Frameworks */,
			);
			sourceTree = "<group>";
		};
		E958A1251D5874A000FB6166 /* Products */ = {
			isa = PBXGroup;
			children = (
				E958A1241D5874A000FB6166 /* TimeManager.app */,
			);
			name = Products;
			sourceTree = "<group>";
		};
		E958A1261D5874A000FB6166 /* TimeManager */ = {
			isa = PBXGroup;
			children = (
				E9404C641D61D9D6008ED9A3 /* ManagedObjects */,
				E958A1481D59E8A700FB6166 /* Ressources */,
				E958A1271D5874A000FB6166 /* AppDelegate.swift */,
				E958A12B1D5874A000FB6166 /* Main.storyboard */,
				E958A1311D5874A000FB6166 /* Assets.xcassets */,
				E958A1331D5874A000FB6166 /* LaunchScreen.storyboard */,
				E958A1361D5874A000FB6166 /* Info.plist */,
				E958A12E1D5874A000FB6166 /* TimeManager.xcdatamodeld */,
				E958A1461D59D5F500FB6166 /* ContainerViewController.swift */,
				E92A06731D6305A500A29710 /* HelperControllers */,
				E92A06701D63054700A29710 /* SinglePageControllers */,
				E92A06721D63058B00A29710 /* CardsViewControllers */,
				E92A06711D63057100A29710 /* ModalViewControllers */,
				E92A06831D63BBA800A29710 /* DiagramsPageViewController.swift */,
				E92A06871D644D1600A29710 /* SyncEngine.swift */,
				E92A06851D63BDFA00A29710 /* DiagramsContainerController.swift */,
				E92A06891D64542C00A29710 /* RestAPIManager.swift */,
			);
			path = TimeManager;
			sourceTree = "<group>";
		};
		E958A1481D59E8A700FB6166 /* Ressources */ = {
			isa = PBXGroup;
			children = (
				E906D0121D5DFDD500C06C87 /* arrow-down-grey.png */,
				E906D0131D5DFDD500C06C87 /* arrow-down-grey@2x.png */,
				E906D0141D5DFDD500C06C87 /* arrow-down-grey@3x.png */,
				E906D0151D5DFDD500C06C87 /* arrow-up-grey.png */,
				E906D0161D5DFDD500C06C87 /* arrow-up-grey@2x.png */,
				E906D0171D5DFDD500C06C87 /* arrow-up-grey@3x.png */,
				E9BA20D61D5DCE850098F37D /* arrow-right.png */,
				E9BA20D81D5DCE8C0098F37D /* arrow-right@2x.png */,
				E9BA20D91D5DCE8C0098F37D /* arrow-right@3x.png */,
				E9BA20DC1D5DCE930098F37D /* arrow-right-grey.png */,
				E9BA20DD1D5DCE930098F37D /* arrow-right-grey@2x.png */,
				E9BA20DE1D5DCE930098F37D /* arrow-right-grey@3x.png */,
				E958A1491D59E8CB00FB6166 /* Poppins-Bold.ttf */,
				E958A14A1D59E8CB00FB6166 /* Poppins-Light.ttf */,
				E958A14B1D59E8CB00FB6166 /* Poppins-Medium.ttf */,
				E958A14C1D59E8CB00FB6166 /* Poppins-Regular.ttf */,
				E958A14D1D59E8CB00FB6166 /* Poppins-SemiBold.ttf */,
			);
			name = Ressources;
			sourceTree = "<group>";
		};
		EA5C055D97C7FACEDCC1D688 /* Pods */ = {
			isa = PBXGroup;
			children = (
				FB9B58AE7CFF6C6B817BE1C5 /* Pods-TimeManager.debug.xcconfig */,
				0A9A181321E6623CC4B43C3C /* Pods-TimeManager.release.xcconfig */,
			);
			name = Pods;
			sourceTree = "<group>";
		};
/* End PBXGroup section */

/* Begin PBXNativeTarget section */
		E958A1231D58749F00FB6166 /* TimeManager */ = {
			isa = PBXNativeTarget;
			buildConfigurationList = E958A1391D5874A000FB6166 /* Build configuration list for PBXNativeTarget "TimeManager" */;
			buildPhases = (
				EDF6D68E6CD3BF12505B2A8C /* [CP] Check Pods Manifest.lock */,
				E958A1201D58749F00FB6166 /* Sources */,
				E958A1211D58749F00FB6166 /* Frameworks */,
				E958A1221D58749F00FB6166 /* Resources */,
				5730356E1DC45888399F8F58 /* [CP] Embed Pods Frameworks */,
				DE6A2F7A8203C976D770D557 /* [CP] Copy Pods Resources */,
			);
			buildRules = (
			);
			dependencies = (
			);
			name = TimeManager;
			productName = TimeManager;
			productReference = E958A1241D5874A000FB6166 /* TimeManager.app */;
			productType = "com.apple.product-type.application";
		};
/* End PBXNativeTarget section */

/* Begin PBXProject section */
		E958A11C1D58749F00FB6166 /* Project object */ = {
			isa = PBXProject;
			attributes = {
				LastSwiftUpdateCheck = 0730;
				LastUpgradeCheck = 0730;
				ORGANIZATIONNAME = "Thomas Ebert, te-online.net";
				TargetAttributes = {
					E958A1231D58749F00FB6166 = {
						CreatedOnToolsVersion = 7.3.1;
					};
				};
			};
			buildConfigurationList = E958A11F1D58749F00FB6166 /* Build configuration list for PBXProject "TimeManager" */;
			compatibilityVersion = "Xcode 3.2";
			developmentRegion = English;
			hasScannedForEncodings = 0;
			knownRegions = (
				en,
				Base,
			);
			mainGroup = E958A11B1D58749F00FB6166;
			productRefGroup = E958A1251D5874A000FB6166 /* Products */;
			projectDirPath = "";
			projectRoot = "";
			targets = (
				E958A1231D58749F00FB6166 /* TimeManager */,
			);
		};
/* End PBXProject section */

/* Begin PBXResourcesBuildPhase section */
		E958A1221D58749F00FB6166 /* Resources */ = {
			isa = PBXResourcesBuildPhase;
			buildActionMask = 2147483647;
			files = (
				E9BA20E01D5DCE930098F37D /* arrow-right-grey@2x.png in Resources */,
				E958A1351D5874A000FB6166 /* LaunchScreen.storyboard in Resources */,
				E906D01B1D5DFDD500C06C87 /* arrow-up-grey.png in Resources */,
				E958A14F1D59E8CB00FB6166 /* Poppins-Light.ttf in Resources */,
				E958A1511D59E8CB00FB6166 /* Poppins-Regular.ttf in Resources */,
				E958A1321D5874A000FB6166 /* Assets.xcassets in Resources */,
				E958A1501D59E8CB00FB6166 /* Poppins-Medium.ttf in Resources */,
				E958A1521D59E8CB00FB6166 /* Poppins-SemiBold.ttf in Resources */,
				E906D0191D5DFDD500C06C87 /* arrow-down-grey@2x.png in Resources */,
				E9BA20DF1D5DCE930098F37D /* arrow-right-grey.png in Resources */,
				E906D01D1D5DFDD500C06C87 /* arrow-up-grey@3x.png in Resources */,
				E958A12D1D5874A000FB6166 /* Main.storyboard in Resources */,
				E906D0181D5DFDD500C06C87 /* arrow-down-grey.png in Resources */,
				E9BA20D71D5DCE850098F37D /* arrow-right.png in Resources */,
				E906D01C1D5DFDD500C06C87 /* arrow-up-grey@2x.png in Resources */,
				E958A14E1D59E8CB00FB6166 /* Poppins-Bold.ttf in Resources */,
				E9BA20E11D5DCE930098F37D /* arrow-right-grey@3x.png in Resources */,
				E9BA20DB1D5DCE8C0098F37D /* arrow-right@3x.png in Resources */,
				E906D01A1D5DFDD500C06C87 /* arrow-down-grey@3x.png in Resources */,
				E9BA20DA1D5DCE8C0098F37D /* arrow-right@2x.png in Resources */,
			);
			runOnlyForDeploymentPostprocessing = 0;
		};
/* End PBXResourcesBuildPhase section */

/* Begin PBXShellScriptBuildPhase section */
		5730356E1DC45888399F8F58 /* [CP] Embed Pods Frameworks */ = {
			isa = PBXShellScriptBuildPhase;
			buildActionMask = 2147483647;
			files = (
			);
			inputPaths = (
			);
			name = "[CP] Embed Pods Frameworks";
			outputPaths = (
			);
			runOnlyForDeploymentPostprocessing = 0;
			shellPath = /bin/sh;
			shellScript = "\"${SRCROOT}/TimeManager/Pods/Target Support Files/Pods-TimeManager/Pods-TimeManager-frameworks.sh\"\n";
			showEnvVarsInLog = 0;
		};
		DE6A2F7A8203C976D770D557 /* [CP] Copy Pods Resources */ = {
			isa = PBXShellScriptBuildPhase;
			buildActionMask = 2147483647;
			files = (
			);
			inputPaths = (
			);
			name = "[CP] Copy Pods Resources";
			outputPaths = (
			);
			runOnlyForDeploymentPostprocessing = 0;
			shellPath = /bin/sh;
			shellScript = "\"${SRCROOT}/TimeManager/Pods/Target Support Files/Pods-TimeManager/Pods-TimeManager-resources.sh\"\n";
			showEnvVarsInLog = 0;
		};
		EDF6D68E6CD3BF12505B2A8C /* [CP] Check Pods Manifest.lock */ = {
			isa = PBXShellScriptBuildPhase;
			buildActionMask = 2147483647;
			files = (
			);
			inputPaths = (
			);
			name = "[CP] Check Pods Manifest.lock";
			outputPaths = (
			);
			runOnlyForDeploymentPostprocessing = 0;
			shellPath = /bin/sh;
			shellScript = "diff \"${PODS_ROOT}/../Podfile.lock\" \"${PODS_ROOT}/Manifest.lock\" > /dev/null\nif [[ $? != 0 ]] ; then\n    cat << EOM\nerror: The sandbox is not in sync with the Podfile.lock. Run 'pod install' or update your CocoaPods installation.\nEOM\n    exit 1\nfi\n";
			showEnvVarsInLog = 0;
		};
/* End PBXShellScriptBuildPhase section */

/* Begin PBXSourcesBuildPhase section */
		E958A1201D58749F00FB6166 /* Sources */ = {
			isa = PBXSourcesBuildPhase;
			buildActionMask = 2147483647;
			files = (
				E911CEF11D61E05F0044AED6 /* ClientObject+CoreDataProperties.swift in Sources */,
				E9BA20D51D5DCAFE0098F37D /* TimesViewController.swift in Sources */,
				E911CEF21D61E05F0044AED6 /* Contact+CoreDataProperties.swift in Sources */,
				E958A1411D58A97700FB6166 /* CardOfViewDeckController.swift in Sources */,
				E958A1471D59D5F500FB6166 /* ContainerViewController.swift in Sources */,
				E911CEF41D61E05F0044AED6 /* Time+CoreDataProperties.swift in Sources */,
				E9BA20CD1D5C65580098F37D /* ClientsViewController.swift in Sources */,
				E9BA20D11D5DCAD00098F37D /* ProjectsViewController.swift in Sources */,
				E911CEFB1D61E0760044AED6 /* ClientObject.swift in Sources */,
				E911CEFF1D61E0760044AED6 /* Task.swift in Sources */,
				E92A068A1D64542C00A29710 /* RestAPIManager.swift in Sources */,
				E92A06841D63BBA800A29710 /* DiagramsPageViewController.swift in Sources */,
				E911CEF31D61E05F0044AED6 /* Project+CoreDataProperties.swift in Sources */,
				E958A1541D59FDDF00FB6166 /* OverviewController.swift in Sources */,
				E92A06861D63BDFA00A29710 /* DiagramsContainerController.swift in Sources */,
				E9BA20D31D5DCAEF0098F37D /* TasksViewController.swift in Sources */,
				E911CF031D62109C0044AED6 /* ProjectEditController.swift in Sources */,
				E92A06821D63643500A29710 /* TimeTraveller.swift in Sources */,
				E906D0231D5E271300C06C87 /* SharedColorPalette.swift in Sources */,
				E958A1581D5A275A00FB6166 /* SettingsController.swift in Sources */,
				E92A06771D630E0300A29710 /* ProjectDetailViewController.swift in Sources */,
				E92A06801D6360B000A29710 /* FormattingHelper.swift in Sources */,
				E911CEFC1D61E0760044AED6 /* Contact.swift in Sources */,
				E92A06881D644D1600A29710 /* SyncEngine.swift in Sources */,
				E92A067B1D631EF600A29710 /* TimeEditController.swift in Sources */,
				E911CEFE1D61E0760044AED6 /* Time.swift in Sources */,
				E9BA20CF1D5C6F9A0098F37D /* PassThroughCollectionView.swift in Sources */,
				E92A06791D63123100A29710 /* TaskEditController.swift in Sources */,
				E958A1281D5874A000FB6166 /* AppDelegate.swift in Sources */,
				E906D01F1D5E154500C06C87 /* ClientDetailViewController.swift in Sources */,
				E92A067D1D63307C00A29710 /* TaskDetailViewController.swift in Sources */,
				E958A1301D5874A000FB6166 /* TimeManager.xcdatamodeld in Sources */,
				E911CEFD1D61E0760044AED6 /* Project.swift in Sources */,
				E958A15A1D5A292600FB6166 /* EntriesViewController.swift in Sources */,
				E911CEF51D61E05F0044AED6 /* Task+CoreDataProperties.swift in Sources */,
				E9404C611D61CCEF008ED9A3 /* ClientEditController.swift in Sources */,
			);
			runOnlyForDeploymentPostprocessing = 0;
		};
/* End PBXSourcesBuildPhase section */

/* Begin PBXVariantGroup section */
		E958A12B1D5874A000FB6166 /* Main.storyboard */ = {
			isa = PBXVariantGroup;
			children = (
				E958A12C1D5874A000FB6166 /* Base */,
			);
			name = Main.storyboard;
			sourceTree = "<group>";
		};
		E958A1331D5874A000FB6166 /* LaunchScreen.storyboard */ = {
			isa = PBXVariantGroup;
			children = (
				E958A1341D5874A000FB6166 /* Base */,
			);
			name = LaunchScreen.storyboard;
			sourceTree = "<group>";
		};
/* End PBXVariantGroup section */

/* Begin XCBuildConfiguration section */
		E958A1371D5874A000FB6166 /* Debug */ = {
			isa = XCBuildConfiguration;
			buildSettings = {
				ALWAYS_SEARCH_USER_PATHS = NO;
				CLANG_ANALYZER_NONNULL = YES;
				CLANG_CXX_LANGUAGE_STANDARD = "gnu++0x";
				CLANG_CXX_LIBRARY = "libc++";
				CLANG_ENABLE_MODULES = YES;
				CLANG_ENABLE_OBJC_ARC = YES;
				CLANG_WARN_BOOL_CONVERSION = YES;
				CLANG_WARN_CONSTANT_CONVERSION = YES;
				CLANG_WARN_DIRECT_OBJC_ISA_USAGE = YES_ERROR;
				CLANG_WARN_EMPTY_BODY = YES;
				CLANG_WARN_ENUM_CONVERSION = YES;
				CLANG_WARN_INT_CONVERSION = YES;
				CLANG_WARN_OBJC_ROOT_CLASS = YES_ERROR;
				CLANG_WARN_UNREACHABLE_CODE = YES;
				CLANG_WARN__DUPLICATE_METHOD_MATCH = YES;
				"CODE_SIGN_IDENTITY[sdk=iphoneos*]" = "iPhone Developer";
				COPY_PHASE_STRIP = NO;
				DEBUG_INFORMATION_FORMAT = dwarf;
				ENABLE_STRICT_OBJC_MSGSEND = YES;
				ENABLE_TESTABILITY = YES;
				GCC_C_LANGUAGE_STANDARD = gnu99;
				GCC_DYNAMIC_NO_PIC = NO;
				GCC_NO_COMMON_BLOCKS = YES;
				GCC_OPTIMIZATION_LEVEL = 0;
				GCC_PREPROCESSOR_DEFINITIONS = (
					"DEBUG=1",
					"$(inherited)",
				);
				GCC_WARN_64_TO_32_BIT_CONVERSION = YES;
				GCC_WARN_ABOUT_RETURN_TYPE = YES_ERROR;
				GCC_WARN_UNDECLARED_SELECTOR = YES;
				GCC_WARN_UNINITIALIZED_AUTOS = YES_AGGRESSIVE;
				GCC_WARN_UNUSED_FUNCTION = YES;
				GCC_WARN_UNUSED_VARIABLE = YES;
				IPHONEOS_DEPLOYMENT_TARGET = 9.3;
				MTL_ENABLE_DEBUG_INFO = YES;
				ONLY_ACTIVE_ARCH = YES;
				SDKROOT = iphoneos;
				SWIFT_OPTIMIZATION_LEVEL = "-Onone";
				TARGETED_DEVICE_FAMILY = "1,2";
			};
			name = Debug;
		};
		E958A1381D5874A000FB6166 /* Release */ = {
			isa = XCBuildConfiguration;
			buildSettings = {
				ALWAYS_SEARCH_USER_PATHS = NO;
				CLANG_ANALYZER_NONNULL = YES;
				CLANG_CXX_LANGUAGE_STANDARD = "gnu++0x";
				CLANG_CXX_LIBRARY = "libc++";
				CLANG_ENABLE_MODULES = YES;
				CLANG_ENABLE_OBJC_ARC = YES;
				CLANG_WARN_BOOL_CONVERSION = YES;
				CLANG_WARN_CONSTANT_CONVERSION = YES;
				CLANG_WARN_DIRECT_OBJC_ISA_USAGE = YES_ERROR;
				CLANG_WARN_EMPTY_BODY = YES;
				CLANG_WARN_ENUM_CONVERSION = YES;
				CLANG_WARN_INT_CONVERSION = YES;
				CLANG_WARN_OBJC_ROOT_CLASS = YES_ERROR;
				CLANG_WARN_UNREACHABLE_CODE = YES;
				CLANG_WARN__DUPLICATE_METHOD_MATCH = YES;
				"CODE_SIGN_IDENTITY[sdk=iphoneos*]" = "iPhone Developer";
				COPY_PHASE_STRIP = NO;
				DEBUG_INFORMATION_FORMAT = "dwarf-with-dsym";
				ENABLE_NS_ASSERTIONS = NO;
				ENABLE_STRICT_OBJC_MSGSEND = YES;
				GCC_C_LANGUAGE_STANDARD = gnu99;
				GCC_NO_COMMON_BLOCKS = YES;
				GCC_WARN_64_TO_32_BIT_CONVERSION = YES;
				GCC_WARN_ABOUT_RETURN_TYPE = YES_ERROR;
				GCC_WARN_UNDECLARED_SELECTOR = YES;
				GCC_WARN_UNINITIALIZED_AUTOS = YES_AGGRESSIVE;
				GCC_WARN_UNUSED_FUNCTION = YES;
				GCC_WARN_UNUSED_VARIABLE = YES;
				IPHONEOS_DEPLOYMENT_TARGET = 9.3;
				MTL_ENABLE_DEBUG_INFO = NO;
				SDKROOT = iphoneos;
				TARGETED_DEVICE_FAMILY = "1,2";
				VALIDATE_PRODUCT = YES;
			};
			name = Release;
		};
		E958A13A1D5874A000FB6166 /* Debug */ = {
			isa = XCBuildConfiguration;
			baseConfigurationReference = FB9B58AE7CFF6C6B817BE1C5 /* Pods-TimeManager.debug.xcconfig */;
			buildSettings = {
				ASSETCATALOG_COMPILER_APPICON_NAME = AppIcon;
				INFOPLIST_FILE = TimeManager/Info.plist;
				LD_RUNPATH_SEARCH_PATHS = "$(inherited) @executable_path/Frameworks";
				PRODUCT_BUNDLE_IDENTIFIER = "net.te-online.TimeManager";
				PRODUCT_NAME = "$(TARGET_NAME)";
			};
			name = Debug;
		};
		E958A13B1D5874A000FB6166 /* Release */ = {
			isa = XCBuildConfiguration;
			baseConfigurationReference = 0A9A181321E6623CC4B43C3C /* Pods-TimeManager.release.xcconfig */;
			buildSettings = {
				ASSETCATALOG_COMPILER_APPICON_NAME = AppIcon;
				INFOPLIST_FILE = TimeManager/Info.plist;
				LD_RUNPATH_SEARCH_PATHS = "$(inherited) @executable_path/Frameworks";
				PRODUCT_BUNDLE_IDENTIFIER = "net.te-online.TimeManager";
				PRODUCT_NAME = "$(TARGET_NAME)";
			};
			name = Release;
		};
/* End XCBuildConfiguration section */

/* Begin XCConfigurationList section */
		E958A11F1D58749F00FB6166 /* Build configuration list for PBXProject "TimeManager" */ = {
			isa = XCConfigurationList;
			buildConfigurations = (
				E958A1371D5874A000FB6166 /* Debug */,
				E958A1381D5874A000FB6166 /* Release */,
			);
			defaultConfigurationIsVisible = 0;
			defaultConfigurationName = Release;
		};
		E958A1391D5874A000FB6166 /* Build configuration list for PBXNativeTarget "TimeManager" */ = {
			isa = XCConfigurationList;
			buildConfigurations = (
				E958A13A1D5874A000FB6166 /* Debug */,
				E958A13B1D5874A000FB6166 /* Release */,
			);
			defaultConfigurationIsVisible = 0;
			defaultConfigurationName = Release;
		};
/* End XCConfigurationList section */

/* Begin XCVersionGroup section */
		E958A12E1D5874A000FB6166 /* TimeManager.xcdatamodeld */ = {
			isa = XCVersionGroup;
			children = (
				E958A12F1D5874A000FB6166 /* TimeManager.xcdatamodel */,
			);
			currentVersion = E958A12F1D5874A000FB6166 /* TimeManager.xcdatamodel */;
			path = TimeManager.xcdatamodeld;
			sourceTree = "<group>";
			versionGroupType = wrapper.xcdatamodel;
		};
/* End XCVersionGroup section */
	};
	rootObject = E958A11C1D58749F00FB6166 /* Project object */;
}
